
Microsoft Visual Studio Solution File, Format Version 12.00
# Visual Studio Version 17
VisualStudioVersion = 17.5.33516.290
MinimumVisualStudioVersion = 10.0.40219.1
Project("{FAE04EC0-301F-11D3-BF4B-00C04F79EFBC}") = "GenericHostConsoleApp", "GenericHostConsoleApp.csproj", "{C43409CA-07A0-4163-9D25-26D85725A1DF}"
EndProject
Global
	GlobalSection(SolutionConfigurationPlatforms) = preSolution
		Debug|Any CPU = Debug|Any CPU
		Release|Any CPU = Release|Any CPU
	EndGlobalSection
	GlobalSection(ProjectConfigurationPlatforms) = postSolution
		{C43409CA-07A0-4163-9D25-26D85725A1DF}.Debug|Any CPU.ActiveCfg = Debug|Any CPU
		{C43409CA-07A0-4163-9D25-26D85725A1DF}.Debug|Any CPU.Build.0 = Debug|Any CPU
		{C43409CA-07A0-4163-9D25-26D85725A1DF}.Release|Any CPU.ActiveCfg = Release|Any CPU
		{C43409CA-07A0-4163-9D25-26D85725A1DF}.Release|Any CPU.Build.0 = Release|Any CPU
	EndGlobalSection
	GlobalSection(SolutionProperties) = preSolution
		HideSolutionNode = FALSE
	EndGlobalSection
	GlobalSection(ExtensibilityGlobals) = postSolution
		SolutionGuid = {BCF9C409-689B-4F92-BD95-869E4C6DAB31}
	EndGlobalSection
EndGlobal
